// !$*UTF8*$!
{
	archiveVersion = 1;
	classes = {
	};
	objectVersion = 46;
	objects = {

/* Begin PBXBuildFile section */
		1A15437418EE13EB001B411C /* Message.m in Sources */ = {isa = PBXBuildFile; fileRef = 1A15437118EE13EB001B411C /* Message.m */; };
		1A15438018EE13F7001B411C /* FuturalAPI.m in Sources */ = {isa = PBXBuildFile; fileRef = 1A15437718EE13F7001B411C /* FuturalAPI.m */; };
		1A15438818EE1413001B411C /* karnevalsmelodin.mp3 in Resources */ = {isa = PBXBuildFile; fileRef = 1A15438718EE1413001B411C /* karnevalsmelodin.mp3 */; };
		1A1543A918EE14F8001B411C /* ViewControllerSignIn.m in Sources */ = {isa = PBXBuildFile; fileRef = 1A1543A718EE14F8001B411C /* ViewControllerSignIn.m */; };
		1A1543C518EE1836001B411C /* InitViewController.m in Sources */ = {isa = PBXBuildFile; fileRef = 1A1543C218EE1836001B411C /* InitViewController.m */; };
		1A1543CB18EE184B001B411C /* ECSlidingViewController.m in Sources */ = {isa = PBXBuildFile; fileRef = 1A1543C818EE184B001B411C /* ECSlidingViewController.m */; };
		1A4A83C71909915600D7C466 /* Robot!Head.ttf in Resources */ = {isa = PBXBuildFile; fileRef = 1A1543BA18EE16DE001B411C /* Robot!Head.ttf */; };
		1A84377E19081429006B56E9 /* Identification.m in Sources */ = {isa = PBXBuildFile; fileRef = 1A15437918EE13F7001B411C /* Identification.m */; };
		1A84377F19081440006B56E9 /* Lundakarneval.m in Sources */ = {isa = PBXBuildFile; fileRef = 1A15437D18EE13F7001B411C /* Lundakarneval.m */; };
		1A84378019081457006B56E9 /* main.m in Sources */ = {isa = PBXBuildFile; fileRef = 1A1543B618EE16C8001B411C /* main.m */; };
		1A8437811908146E006B56E9 /* AppDelegate.m in Sources */ = {isa = PBXBuildFile; fileRef = 1A1543BE18EE16F5001B411C /* AppDelegate.m */; };
		1A8437841908147F006B56E9 /* Cluster.m in Sources */ = {isa = PBXBuildFile; fileRef = 1A8437831908147F006B56E9 /* Cluster.m */; };
		1A843785190814E2006B56E9 /* LyricString.m in Sources */ = {isa = PBXBuildFile; fileRef = 1A15437F18EE13F7001B411C /* LyricString.m */; };
		1A843786190814E5006B56E9 /* Colors.m in Sources */ = {isa = PBXBuildFile; fileRef = 1A15436E18EE13D5001B411C /* Colors.m */; };
		1A843787190814F1006B56E9 /* ViewControllerMeddelanden.m in Sources */ = {isa = PBXBuildFile; fileRef = 1A1543A518EE14F8001B411C /* ViewControllerMeddelanden.m */; };
		1A843788190814F1006B56E9 /* MainViewController.m in Sources */ = {isa = PBXBuildFile; fileRef = 1A15439C18EE14C6001B411C /* MainViewController.m */; };
		1A84378A190814F1006B56E9 /* navigationController.m in Sources */ = {isa = PBXBuildFile; fileRef = 1A1543A018EE14C6001B411C /* navigationController.m */; };
		1A84378B190814F1006B56E9 /* UIImage+ImageWithUIView.m in Sources */ = {isa = PBXBuildFile; fileRef = 1A1543CA18EE184B001B411C /* UIImage+ImageWithUIView.m */; };
		1A84378C190814F1006B56E9 /* MenuViewController.m in Sources */ = {isa = PBXBuildFile; fileRef = 1A1543C418EE1836001B411C /* MenuViewController.m */; };
		1A84378F19081508006B56E9 /* MapPin.m in Sources */ = {isa = PBXBuildFile; fileRef = 1A84378E19081508006B56E9 /* MapPin.m */; };
		1A84379819081CB2006B56E9 /* songs.plist in Resources */ = {isa = PBXBuildFile; fileRef = 1A84379719081CB2006B56E9 /* songs.plist */; };
		1A8437A119081E07006B56E9 /* FuturaLT-Bold.ttf in Resources */ = {isa = PBXBuildFile; fileRef = 1A8437A019081E07006B56E9 /* FuturaLT-Bold.ttf */; };
		1A8437A519082532006B56E9 /* sectionHeader.xib in Resources */ = {isa = PBXBuildFile; fileRef = 1A8437A419082532006B56E9 /* sectionHeader.xib */; };
		1A8437A819083770006B56E9 /* DetailedSongViewController.m in Sources */ = {isa = PBXBuildFile; fileRef = 1A8437A719083770006B56E9 /* DetailedSongViewController.m */; };
		1A8437AA19085583006B56E9 /* strings.plist in Resources */ = {isa = PBXBuildFile; fileRef = 1A8437A919085583006B56E9 /* strings.plist */; };
		1A8437AD190858CB006B56E9 /* ShakingView.m in Sources */ = {isa = PBXBuildFile; fileRef = 1A8437AC190858CB006B56E9 /* ShakingView.m */; };
		1A8437B019085930006B56E9 /* MysticViewController.m in Sources */ = {isa = PBXBuildFile; fileRef = 1A8437AF19085930006B56E9 /* MysticViewController.m */; };
		1A8437B1190866E3006B56E9 /* Main.storyboard in Resources */ = {isa = PBXBuildFile; fileRef = 1A9D6B1718E2550A003D0A78 /* Main.storyboard */; };
		1A9CFF8918F346F80002BD34 /* sektioner.plist in Resources */ = {isa = PBXBuildFile; fileRef = 1A9CFF8818F346F80002BD34 /* sektioner.plist */; };
		1A9D6AF318E20EA9003D0A78 /* Logga in.storyboard in Resources */ = {isa = PBXBuildFile; fileRef = 1A9D6AF218E20EA9003D0A78 /* Logga in.storyboard */; };
		1A9D6AFB18E2105A003D0A78 /* UILabel+CustomFont.m in Sources */ = {isa = PBXBuildFile; fileRef = 1A9D6AFA18E2105A003D0A78 /* UILabel+CustomFont.m */; };
		1A9D6B0318E21C41003D0A78 /* UIButton+CustomFont.m in Sources */ = {isa = PBXBuildFile; fileRef = 1A9D6B0218E21C41003D0A78 /* UIButton+CustomFont.m */; };
		1A9D6B0918E22768003D0A78 /* UITextField+CustomFont.m in Sources */ = {isa = PBXBuildFile; fileRef = 1A9D6B0818E22768003D0A78 /* UITextField+CustomFont.m */; };
		1A9D6B0D18E22866003D0A78 /* Start.storyboard in Resources */ = {isa = PBXBuildFile; fileRef = 1A9D6B0C18E22866003D0A78 /* Start.storyboard */; };
		1A9D6B1218E23ED8003D0A78 /* Inkorg.storyboard in Resources */ = {isa = PBXBuildFile; fileRef = 1A9D6B1118E23ED8003D0A78 /* Inkorg.storyboard */; };
		1A9D6B1618E244BD003D0A78 /* Karta.storyboard in Resources */ = {isa = PBXBuildFile; fileRef = 1A9D6B1518E244BD003D0A78 /* Karta.storyboard */; };
		1AA15B5818CB994C007A74C8 /* MobileCoreServices.framework in Frameworks */ = {isa = PBXBuildFile; fileRef = 1AA15B5718CB994C007A74C8 /* MobileCoreServices.framework */; };
		1AA15B5A18CB9951007A74C8 /* SystemConfiguration.framework in Frameworks */ = {isa = PBXBuildFile; fileRef = 1AA15B5918CB9951007A74C8 /* SystemConfiguration.framework */; };
		1AA15B5E18CB99CE007A74C8 /* CoreLocation.framework in Frameworks */ = {isa = PBXBuildFile; fileRef = 1AA15B5D18CB99CE007A74C8 /* CoreLocation.framework */; };
		1AA15B6018CB9A05007A74C8 /* Security.framework in Frameworks */ = {isa = PBXBuildFile; fileRef = 1AA15B5F18CB9A05007A74C8 /* Security.framework */; };
		1ACBB9F919144635001A65EB /* AFHTTPRequestOperation.m in Sources */ = {isa = PBXBuildFile; fileRef = 1ACBB9D319144635001A65EB /* AFHTTPRequestOperation.m */; };
		1ACBB9FA19144635001A65EB /* AFHTTPRequestOperationManager.m in Sources */ = {isa = PBXBuildFile; fileRef = 1ACBB9D519144635001A65EB /* AFHTTPRequestOperationManager.m */; };
		1ACBB9FB19144635001A65EB /* AFHTTPSessionManager.m in Sources */ = {isa = PBXBuildFile; fileRef = 1ACBB9D719144635001A65EB /* AFHTTPSessionManager.m */; };
		1ACBB9FC19144635001A65EB /* AFNetworkReachabilityManager.m in Sources */ = {isa = PBXBuildFile; fileRef = 1ACBB9DA19144635001A65EB /* AFNetworkReachabilityManager.m */; };
		1ACBB9FD19144635001A65EB /* AFSecurityPolicy.m in Sources */ = {isa = PBXBuildFile; fileRef = 1ACBB9DC19144635001A65EB /* AFSecurityPolicy.m */; };
		1ACBB9FE19144635001A65EB /* AFURLConnectionOperation.m in Sources */ = {isa = PBXBuildFile; fileRef = 1ACBB9DE19144635001A65EB /* AFURLConnectionOperation.m */; };
		1ACBB9FF19144635001A65EB /* AFURLRequestSerialization.m in Sources */ = {isa = PBXBuildFile; fileRef = 1ACBB9E019144635001A65EB /* AFURLRequestSerialization.m */; };
		1ACBBA0019144635001A65EB /* AFURLResponseSerialization.m in Sources */ = {isa = PBXBuildFile; fileRef = 1ACBB9E219144635001A65EB /* AFURLResponseSerialization.m */; };
		1ACBBA0119144635001A65EB /* AFURLSessionManager.m in Sources */ = {isa = PBXBuildFile; fileRef = 1ACBB9E419144635001A65EB /* AFURLSessionManager.m */; };
		1ACBBA0219144635001A65EB /* LICENSE in Resources */ = {isa = PBXBuildFile; fileRef = 1ACBB9E519144635001A65EB /* LICENSE */; };
		1ACBBA0419144635001A65EB /* AFNetworkActivityIndicatorManager.m in Sources */ = {isa = PBXBuildFile; fileRef = 1ACBB9E919144635001A65EB /* AFNetworkActivityIndicatorManager.m */; };
		1ACBBA0519144635001A65EB /* UIActivityIndicatorView+AFNetworking.m in Sources */ = {isa = PBXBuildFile; fileRef = 1ACBB9EB19144635001A65EB /* UIActivityIndicatorView+AFNetworking.m */; };
		1ACBBA0619144635001A65EB /* UIAlertView+AFNetworking.m in Sources */ = {isa = PBXBuildFile; fileRef = 1ACBB9ED19144635001A65EB /* UIAlertView+AFNetworking.m */; };
		1ACBBA0719144635001A65EB /* UIButton+AFNetworking.m in Sources */ = {isa = PBXBuildFile; fileRef = 1ACBB9EF19144635001A65EB /* UIButton+AFNetworking.m */; };
		1ACBBA0819144635001A65EB /* UIImageView+AFNetworking.m in Sources */ = {isa = PBXBuildFile; fileRef = 1ACBB9F119144635001A65EB /* UIImageView+AFNetworking.m */; };
		1ACBBA0919144635001A65EB /* UIProgressView+AFNetworking.m in Sources */ = {isa = PBXBuildFile; fileRef = 1ACBB9F419144635001A65EB /* UIProgressView+AFNetworking.m */; };
		1ACBBA0A19144635001A65EB /* UIRefreshControl+AFNetworking.m in Sources */ = {isa = PBXBuildFile; fileRef = 1ACBB9F619144635001A65EB /* UIRefreshControl+AFNetworking.m */; };
		1ACBBA0B19144635001A65EB /* UIWebView+AFNetworking.m in Sources */ = {isa = PBXBuildFile; fileRef = 1ACBB9F819144635001A65EB /* UIWebView+AFNetworking.m */; };
		1ACBBA0D191446BB001A65EB /* Futugram.storyboard in Resources */ = {isa = PBXBuildFile; fileRef = 1ACBBA0C191446BB001A65EB /* Futugram.storyboard */; };
		1ACBBA10191446E7001A65EB /* FutuImage.m in Sources */ = {isa = PBXBuildFile; fileRef = 1ACBBA0F191446E7001A65EB /* FutuImage.m */; };
		1ACBBA181914470C001A65EB /* CameraViewController.m in Sources */ = {isa = PBXBuildFile; fileRef = 1ACBBA131914470C001A65EB /* CameraViewController.m */; };
		1ACBBA191914470C001A65EB /* DetailedPhotoViewController.m in Sources */ = {isa = PBXBuildFile; fileRef = 1ACBBA151914470C001A65EB /* DetailedPhotoViewController.m */; };
		1ACBBA1A1914470C001A65EB /* PrepareForUploadViewController.m in Sources */ = {isa = PBXBuildFile; fileRef = 1ACBBA171914470C001A65EB /* PrepareForUploadViewController.m */; };
		1ACBBA1C191447A4001A65EB /* images.plist in Resources */ = {isa = PBXBuildFile; fileRef = 1ACBBA1B191447A4001A65EB /* images.plist */; };
		1AD4EFED18E358BA00F03471 /* AVFoundation.framework in Frameworks */ = {isa = PBXBuildFile; fileRef = 1AD4EFEC18E358BA00F03471 /* AVFoundation.framework */; };
		1AEEE54118E8660D005AF0C5 /* MapKit.framework in Frameworks */ = {isa = PBXBuildFile; fileRef = 1AA15B5B18CB995F007A74C8 /* MapKit.framework */; };
		1AFB427518DD9E2600747DAA /* Images.xcassets in Resources */ = {isa = PBXBuildFile; fileRef = 1AFB427418DD9E2600747DAA /* Images.xcassets */; };
		27D71D6316A349AD00021245 /* UIKit.framework in Frameworks */ = {isa = PBXBuildFile; fileRef = 27D71D6216A349AD00021245 /* UIKit.framework */; };
		27D71D6516A349AD00021245 /* Foundation.framework in Frameworks */ = {isa = PBXBuildFile; fileRef = 27D71D6416A349AD00021245 /* Foundation.framework */; };
		27D71D6716A349AD00021245 /* CoreGraphics.framework in Frameworks */ = {isa = PBXBuildFile; fileRef = 27D71D6616A349AD00021245 /* CoreGraphics.framework */; };
		57186D8E18DF17B200E78450 /* ReadMessageViewController.m in Sources */ = {isa = PBXBuildFile; fileRef = 57186D8D18DF17B200E78450 /* ReadMessageViewController.m */; };
		5747AD6A19091F7A00AD1B41 /* MapViewController.m in Sources */ = {isa = PBXBuildFile; fileRef = 1A15439E18EE14C6001B411C /* MapViewController.m */; };
		5747AD6B19091FAD00AD1B41 /* Karnevalist.m in Sources */ = {isa = PBXBuildFile; fileRef = 1A15437B18EE13F7001B411C /* Karnevalist.m */; };
		5747AD6C19091FC700AD1B41 /* Sektioner.m in Sources */ = {isa = PBXBuildFile; fileRef = 1A15437318EE13EB001B411C /* Sektioner.m */; };
		57839CF7190823DE00B9F189 /* IDViewController.m in Sources */ = {isa = PBXBuildFile; fileRef = 57839CF6190823DE00B9F189 /* IDViewController.m */; };
		57839CF9190830F400B9F189 /* ID.storyboard in Resources */ = {isa = PBXBuildFile; fileRef = 57839CF8190830F400B9F189 /* ID.storyboard */; };
		FDC7EA0E18E868030067403E /* Sångbok.storyboard in Resources */ = {isa = PBXBuildFile; fileRef = FDC7EA0D18E868030067403E /* Sångbok.storyboard */; };
		FDC7EA1418E881A80067403E /* SongbookTableViewController.m in Sources */ = {isa = PBXBuildFile; fileRef = FDC7EA1318E881A80067403E /* SongbookTableViewController.m */; };
		FDC7EA1718E886EC0067403E /* Song.m in Sources */ = {isa = PBXBuildFile; fileRef = FDC7EA1618E886EC0067403E /* Song.m */; };
/* End PBXBuildFile section */

/* Begin PBXFileReference section */
		1A15436D18EE13D5001B411C /* Colors.h */ = {isa = PBXFileReference; fileEncoding = 4; lastKnownFileType = sourcecode.c.h; name = Colors.h; path = Models/Colors.h; sourceTree = "<group>"; };
		1A15436E18EE13D5001B411C /* Colors.m */ = {isa = PBXFileReference; fileEncoding = 4; lastKnownFileType = sourcecode.c.objc; name = Colors.m; path = Models/Colors.m; sourceTree = "<group>"; };
		1A15437018EE13EB001B411C /* Message.h */ = {isa = PBXFileReference; fileEncoding = 4; lastKnownFileType = sourcecode.c.h; name = Message.h; path = Models/Message.h; sourceTree = "<group>"; };
		1A15437118EE13EB001B411C /* Message.m */ = {isa = PBXFileReference; fileEncoding = 4; lastKnownFileType = sourcecode.c.objc; name = Message.m; path = Models/Message.m; sourceTree = "<group>"; };
		1A15437218EE13EB001B411C /* Sektioner.h */ = {isa = PBXFileReference; fileEncoding = 4; lastKnownFileType = sourcecode.c.h; name = Sektioner.h; path = Models/Sektioner.h; sourceTree = "<group>"; };
		1A15437318EE13EB001B411C /* Sektioner.m */ = {isa = PBXFileReference; fileEncoding = 4; lastKnownFileType = sourcecode.c.objc; name = Sektioner.m; path = Models/Sektioner.m; sourceTree = "<group>"; };
		1A15437618EE13F7001B411C /* FuturalAPI.h */ = {isa = PBXFileReference; fileEncoding = 4; lastKnownFileType = sourcecode.c.h; name = FuturalAPI.h; path = Models/FuturalAPI.h; sourceTree = "<group>"; };
		1A15437718EE13F7001B411C /* FuturalAPI.m */ = {isa = PBXFileReference; fileEncoding = 4; lastKnownFileType = sourcecode.c.objc; name = FuturalAPI.m; path = Models/FuturalAPI.m; sourceTree = "<group>"; };
		1A15437818EE13F7001B411C /* Identification.h */ = {isa = PBXFileReference; fileEncoding = 4; lastKnownFileType = sourcecode.c.h; name = Identification.h; path = Models/Identification.h; sourceTree = "<group>"; };
		1A15437918EE13F7001B411C /* Identification.m */ = {isa = PBXFileReference; fileEncoding = 4; lastKnownFileType = sourcecode.c.objc; name = Identification.m; path = Models/Identification.m; sourceTree = "<group>"; };
		1A15437A18EE13F7001B411C /* Karnevalist.h */ = {isa = PBXFileReference; fileEncoding = 4; lastKnownFileType = sourcecode.c.h; name = Karnevalist.h; path = Models/Karnevalist.h; sourceTree = "<group>"; };
		1A15437B18EE13F7001B411C /* Karnevalist.m */ = {isa = PBXFileReference; fileEncoding = 4; lastKnownFileType = sourcecode.c.objc; name = Karnevalist.m; path = Models/Karnevalist.m; sourceTree = "<group>"; };
		1A15437C18EE13F7001B411C /* Lundakarneval.h */ = {isa = PBXFileReference; fileEncoding = 4; lastKnownFileType = sourcecode.c.h; name = Lundakarneval.h; path = Models/Lundakarneval.h; sourceTree = "<group>"; };
		1A15437D18EE13F7001B411C /* Lundakarneval.m */ = {isa = PBXFileReference; fileEncoding = 4; lastKnownFileType = sourcecode.c.objc; name = Lundakarneval.m; path = Models/Lundakarneval.m; sourceTree = "<group>"; };
		1A15437E18EE13F7001B411C /* LyricString.h */ = {isa = PBXFileReference; fileEncoding = 4; lastKnownFileType = sourcecode.c.h; name = LyricString.h; path = Models/LyricString.h; sourceTree = "<group>"; };
		1A15437F18EE13F7001B411C /* LyricString.m */ = {isa = PBXFileReference; fileEncoding = 4; lastKnownFileType = sourcecode.c.objc; name = LyricString.m; path = Models/LyricString.m; sourceTree = "<group>"; };
		1A15438718EE1413001B411C /* karnevalsmelodin.mp3 */ = {isa = PBXFileReference; lastKnownFileType = audio.mp3; name = karnevalsmelodin.mp3; path = "Supporting Files/karnevalsmelodin.mp3"; sourceTree = SOURCE_ROOT; };
		1A15439B18EE14C6001B411C /* MainViewController.h */ = {isa = PBXFileReference; fileEncoding = 4; lastKnownFileType = sourcecode.c.h; name = MainViewController.h; path = ViewControllers/MainViewController.h; sourceTree = "<group>"; };
		1A15439C18EE14C6001B411C /* MainViewController.m */ = {isa = PBXFileReference; fileEncoding = 4; lastKnownFileType = sourcecode.c.objc; name = MainViewController.m; path = ViewControllers/MainViewController.m; sourceTree = "<group>"; };
		1A15439D18EE14C6001B411C /* MapViewController.h */ = {isa = PBXFileReference; fileEncoding = 4; lastKnownFileType = sourcecode.c.h; name = MapViewController.h; path = ViewControllers/MapViewController.h; sourceTree = "<group>"; };
		1A15439E18EE14C6001B411C /* MapViewController.m */ = {isa = PBXFileReference; fileEncoding = 4; lastKnownFileType = sourcecode.c.objc; name = MapViewController.m; path = ViewControllers/MapViewController.m; sourceTree = "<group>"; };
		1A15439F18EE14C6001B411C /* navigationController.h */ = {isa = PBXFileReference; fileEncoding = 4; lastKnownFileType = sourcecode.c.h; name = navigationController.h; path = ViewControllers/navigationController.h; sourceTree = "<group>"; };
		1A1543A018EE14C6001B411C /* navigationController.m */ = {isa = PBXFileReference; fileEncoding = 4; lastKnownFileType = sourcecode.c.objc; name = navigationController.m; path = ViewControllers/navigationController.m; sourceTree = "<group>"; };
		1A1543A418EE14F8001B411C /* ViewControllerMeddelanden.h */ = {isa = PBXFileReference; fileEncoding = 4; lastKnownFileType = sourcecode.c.h; name = ViewControllerMeddelanden.h; path = ViewControllers/ViewControllerMeddelanden.h; sourceTree = "<group>"; };
		1A1543A518EE14F8001B411C /* ViewControllerMeddelanden.m */ = {isa = PBXFileReference; fileEncoding = 4; lastKnownFileType = sourcecode.c.objc; name = ViewControllerMeddelanden.m; path = ViewControllers/ViewControllerMeddelanden.m; sourceTree = "<group>"; };
		1A1543A618EE14F8001B411C /* ViewControllerSignIn.h */ = {isa = PBXFileReference; fileEncoding = 4; lastKnownFileType = sourcecode.c.h; name = ViewControllerSignIn.h; path = ViewControllers/ViewControllerSignIn.h; sourceTree = "<group>"; };
		1A1543A718EE14F8001B411C /* ViewControllerSignIn.m */ = {isa = PBXFileReference; fileEncoding = 4; lastKnownFileType = sourcecode.c.objc; name = ViewControllerSignIn.m; path = ViewControllers/ViewControllerSignIn.m; sourceTree = "<group>"; };
		1A1543B418EE16C8001B411C /* Karnevalisten-Info.plist */ = {isa = PBXFileReference; fileEncoding = 4; lastKnownFileType = text.plist.xml; name = "Karnevalisten-Info.plist"; path = "Supporting Files/Karnevalisten-Info.plist"; sourceTree = SOURCE_ROOT; };
		1A1543B618EE16C8001B411C /* main.m */ = {isa = PBXFileReference; fileEncoding = 4; lastKnownFileType = sourcecode.c.objc; name = main.m; path = "Supporting Files/main.m"; sourceTree = SOURCE_ROOT; };
		1A1543BA18EE16DE001B411C /* Robot!Head.ttf */ = {isa = PBXFileReference; lastKnownFileType = file; name = "Robot!Head.ttf"; path = "Supporting Files/Fonts/Robot!Head.ttf"; sourceTree = SOURCE_ROOT; };
		1A1543BD18EE16F5001B411C /* AppDelegate.h */ = {isa = PBXFileReference; fileEncoding = 4; lastKnownFileType = sourcecode.c.h; name = AppDelegate.h; path = "Supporting Files/AppDelegate.h"; sourceTree = SOURCE_ROOT; };
		1A1543BE18EE16F5001B411C /* AppDelegate.m */ = {isa = PBXFileReference; fileEncoding = 4; lastKnownFileType = sourcecode.c.objc; name = AppDelegate.m; path = "Supporting Files/AppDelegate.m"; sourceTree = SOURCE_ROOT; };
		1A1543C118EE1836001B411C /* InitViewController.h */ = {isa = PBXFileReference; fileEncoding = 4; lastKnownFileType = sourcecode.c.h; name = InitViewController.h; path = ViewControllers/SlideMenu/InitViewController.h; sourceTree = SOURCE_ROOT; };
		1A1543C218EE1836001B411C /* InitViewController.m */ = {isa = PBXFileReference; fileEncoding = 4; lastKnownFileType = sourcecode.c.objc; name = InitViewController.m; path = ViewControllers/SlideMenu/InitViewController.m; sourceTree = SOURCE_ROOT; };
		1A1543C318EE1836001B411C /* MenuViewController.h */ = {isa = PBXFileReference; fileEncoding = 4; lastKnownFileType = sourcecode.c.h; name = MenuViewController.h; path = ViewControllers/SlideMenu/MenuViewController.h; sourceTree = SOURCE_ROOT; };
		1A1543C418EE1836001B411C /* MenuViewController.m */ = {isa = PBXFileReference; fileEncoding = 4; lastKnownFileType = sourcecode.c.objc; name = MenuViewController.m; path = ViewControllers/SlideMenu/MenuViewController.m; sourceTree = SOURCE_ROOT; };
		1A1543C718EE184B001B411C /* ECSlidingViewController.h */ = {isa = PBXFileReference; fileEncoding = 4; lastKnownFileType = sourcecode.c.h; name = ECSlidingViewController.h; path = ViewControllers/SlideMenu/ECSlidingViewController/ECSlidingViewController.h; sourceTree = SOURCE_ROOT; };
		1A1543C818EE184B001B411C /* ECSlidingViewController.m */ = {isa = PBXFileReference; fileEncoding = 4; lastKnownFileType = sourcecode.c.objc; name = ECSlidingViewController.m; path = ViewControllers/SlideMenu/ECSlidingViewController/ECSlidingViewController.m; sourceTree = SOURCE_ROOT; };
		1A1543C918EE184B001B411C /* UIImage+ImageWithUIView.h */ = {isa = PBXFileReference; fileEncoding = 4; lastKnownFileType = sourcecode.c.h; name = "UIImage+ImageWithUIView.h"; path = "ViewControllers/SlideMenu/ECSlidingViewController/UIImage+ImageWithUIView.h"; sourceTree = SOURCE_ROOT; };
		1A1543CA18EE184B001B411C /* UIImage+ImageWithUIView.m */ = {isa = PBXFileReference; fileEncoding = 4; lastKnownFileType = sourcecode.c.objc; name = "UIImage+ImageWithUIView.m"; path = "ViewControllers/SlideMenu/ECSlidingViewController/UIImage+ImageWithUIView.m"; sourceTree = SOURCE_ROOT; };
		1A1543CD18EE185C001B411C /* Karnevalisten-Prefix.pch */ = {isa = PBXFileReference; fileEncoding = 4; lastKnownFileType = sourcecode.c.h; name = "Karnevalisten-Prefix.pch"; path = "Supporting Files/Karnevalisten-Prefix.pch"; sourceTree = SOURCE_ROOT; };
		1A8437821908147F006B56E9 /* Cluster.h */ = {isa = PBXFileReference; fileEncoding = 4; lastKnownFileType = sourcecode.c.h; name = Cluster.h; path = Models/Cluster.h; sourceTree = "<group>"; };
		1A8437831908147F006B56E9 /* Cluster.m */ = {isa = PBXFileReference; fileEncoding = 4; lastKnownFileType = sourcecode.c.objc; name = Cluster.m; path = Models/Cluster.m; sourceTree = "<group>"; };
		1A84378D19081508006B56E9 /* MapPin.h */ = {isa = PBXFileReference; fileEncoding = 4; lastKnownFileType = sourcecode.c.h; name = MapPin.h; path = Models/MapPin.h; sourceTree = "<group>"; };
		1A84378E19081508006B56E9 /* MapPin.m */ = {isa = PBXFileReference; fileEncoding = 4; lastKnownFileType = sourcecode.c.objc; name = MapPin.m; path = Models/MapPin.m; sourceTree = "<group>"; };
		1A84379719081CB2006B56E9 /* songs.plist */ = {isa = PBXFileReference; fileEncoding = 4; lastKnownFileType = text.plist.xml; name = songs.plist; path = "Supporting Files/songs.plist"; sourceTree = SOURCE_ROOT; };
		1A8437A019081E07006B56E9 /* FuturaLT-Bold.ttf */ = {isa = PBXFileReference; lastKnownFileType = file; name = "FuturaLT-Bold.ttf"; path = "Supporting Files/Fonts/FuturaLT-Bold.ttf"; sourceTree = SOURCE_ROOT; };
		1A8437A419082532006B56E9 /* sectionHeader.xib */ = {isa = PBXFileReference; fileEncoding = 4; lastKnownFileType = file.xib; path = sectionHeader.xib; sourceTree = "<group>"; };
		1A8437A619083770006B56E9 /* DetailedSongViewController.h */ = {isa = PBXFileReference; fileEncoding = 4; lastKnownFileType = sourcecode.c.h; name = DetailedSongViewController.h; path = ViewControllers/DetailedSongViewController.h; sourceTree = "<group>"; };
		1A8437A719083770006B56E9 /* DetailedSongViewController.m */ = {isa = PBXFileReference; fileEncoding = 4; lastKnownFileType = sourcecode.c.objc; name = DetailedSongViewController.m; path = ViewControllers/DetailedSongViewController.m; sourceTree = "<group>"; };
		1A8437A919085583006B56E9 /* strings.plist */ = {isa = PBXFileReference; fileEncoding = 4; lastKnownFileType = text.plist.xml; name = strings.plist; path = "Supporting Files/strings.plist"; sourceTree = SOURCE_ROOT; };
		1A8437AB190858CB006B56E9 /* ShakingView.h */ = {isa = PBXFileReference; fileEncoding = 4; lastKnownFileType = sourcecode.c.h; name = ShakingView.h; path = Models/ShakingView.h; sourceTree = "<group>"; };
		1A8437AC190858CB006B56E9 /* ShakingView.m */ = {isa = PBXFileReference; fileEncoding = 4; lastKnownFileType = sourcecode.c.objc; name = ShakingView.m; path = Models/ShakingView.m; sourceTree = "<group>"; };
		1A8437AE19085930006B56E9 /* MysticViewController.h */ = {isa = PBXFileReference; fileEncoding = 4; lastKnownFileType = sourcecode.c.h; name = MysticViewController.h; path = ViewControllers/MysticViewController.h; sourceTree = "<group>"; };
		1A8437AF19085930006B56E9 /* MysticViewController.m */ = {isa = PBXFileReference; fileEncoding = 4; lastKnownFileType = sourcecode.c.objc; name = MysticViewController.m; path = ViewControllers/MysticViewController.m; sourceTree = "<group>"; };
		1A9CFF8818F346F80002BD34 /* sektioner.plist */ = {isa = PBXFileReference; fileEncoding = 4; lastKnownFileType = text.plist.xml; name = sektioner.plist; path = "Supporting Files/sektioner.plist"; sourceTree = SOURCE_ROOT; };
		1A9D6AF218E20EA9003D0A78 /* Logga in.storyboard */ = {isa = PBXFileReference; fileEncoding = 4; lastKnownFileType = file.storyboard; name = "Logga in.storyboard"; path = "Storyboards/Logga in.storyboard"; sourceTree = "<group>"; };
		1A9D6AF918E2105A003D0A78 /* UILabel+CustomFont.h */ = {isa = PBXFileReference; fileEncoding = 4; lastKnownFileType = sourcecode.c.h; name = "UILabel+CustomFont.h"; path = "Models/UILabel+CustomFont.h"; sourceTree = "<group>"; };
		1A9D6AFA18E2105A003D0A78 /* UILabel+CustomFont.m */ = {isa = PBXFileReference; fileEncoding = 4; lastKnownFileType = sourcecode.c.objc; name = "UILabel+CustomFont.m"; path = "Models/UILabel+CustomFont.m"; sourceTree = "<group>"; };
		1A9D6B0118E21C41003D0A78 /* UIButton+CustomFont.h */ = {isa = PBXFileReference; fileEncoding = 4; lastKnownFileType = sourcecode.c.h; name = "UIButton+CustomFont.h"; path = "Models/UIButton+CustomFont.h"; sourceTree = "<group>"; };
		1A9D6B0218E21C41003D0A78 /* UIButton+CustomFont.m */ = {isa = PBXFileReference; fileEncoding = 4; lastKnownFileType = sourcecode.c.objc; name = "UIButton+CustomFont.m"; path = "Models/UIButton+CustomFont.m"; sourceTree = "<group>"; };
		1A9D6B0718E22768003D0A78 /* UITextField+CustomFont.h */ = {isa = PBXFileReference; fileEncoding = 4; lastKnownFileType = sourcecode.c.h; name = "UITextField+CustomFont.h"; path = "Models/UITextField+CustomFont.h"; sourceTree = "<group>"; };
		1A9D6B0818E22768003D0A78 /* UITextField+CustomFont.m */ = {isa = PBXFileReference; fileEncoding = 4; lastKnownFileType = sourcecode.c.objc; name = "UITextField+CustomFont.m"; path = "Models/UITextField+CustomFont.m"; sourceTree = "<group>"; };
		1A9D6B0C18E22866003D0A78 /* Start.storyboard */ = {isa = PBXFileReference; fileEncoding = 4; lastKnownFileType = file.storyboard; name = Start.storyboard; path = Storyboards/Start.storyboard; sourceTree = "<group>"; };
		1A9D6B1118E23ED8003D0A78 /* Inkorg.storyboard */ = {isa = PBXFileReference; fileEncoding = 4; lastKnownFileType = file.storyboard; name = Inkorg.storyboard; path = Storyboards/Inkorg.storyboard; sourceTree = "<group>"; };
		1A9D6B1518E244BD003D0A78 /* Karta.storyboard */ = {isa = PBXFileReference; fileEncoding = 4; lastKnownFileType = file.storyboard; name = Karta.storyboard; path = Storyboards/Karta.storyboard; sourceTree = "<group>"; };
		1A9D6B1718E2550A003D0A78 /* Main.storyboard */ = {isa = PBXFileReference; fileEncoding = 4; lastKnownFileType = file.storyboard; name = Main.storyboard; path = Storyboards/Main.storyboard; sourceTree = "<group>"; };
		1AA15B5718CB994C007A74C8 /* MobileCoreServices.framework */ = {isa = PBXFileReference; lastKnownFileType = wrapper.framework; name = MobileCoreServices.framework; path = System/Library/Frameworks/MobileCoreServices.framework; sourceTree = SDKROOT; };
		1AA15B5918CB9951007A74C8 /* SystemConfiguration.framework */ = {isa = PBXFileReference; lastKnownFileType = wrapper.framework; name = SystemConfiguration.framework; path = System/Library/Frameworks/SystemConfiguration.framework; sourceTree = SDKROOT; };
		1AA15B5B18CB995F007A74C8 /* MapKit.framework */ = {isa = PBXFileReference; lastKnownFileType = wrapper.framework; name = MapKit.framework; path = System/Library/Frameworks/MapKit.framework; sourceTree = SDKROOT; };
		1AA15B5D18CB99CE007A74C8 /* CoreLocation.framework */ = {isa = PBXFileReference; lastKnownFileType = wrapper.framework; name = CoreLocation.framework; path = System/Library/Frameworks/CoreLocation.framework; sourceTree = SDKROOT; };
		1AA15B5F18CB9A05007A74C8 /* Security.framework */ = {isa = PBXFileReference; lastKnownFileType = wrapper.framework; name = Security.framework; path = System/Library/Frameworks/Security.framework; sourceTree = SDKROOT; };
		1ACBB9D219144635001A65EB /* AFHTTPRequestOperation.h */ = {isa = PBXFileReference; fileEncoding = 4; lastKnownFileType = sourcecode.c.h; path = AFHTTPRequestOperation.h; sourceTree = "<group>"; };
		1ACBB9D319144635001A65EB /* AFHTTPRequestOperation.m */ = {isa = PBXFileReference; fileEncoding = 4; lastKnownFileType = sourcecode.c.objc; path = AFHTTPRequestOperation.m; sourceTree = "<group>"; };
		1ACBB9D419144635001A65EB /* AFHTTPRequestOperationManager.h */ = {isa = PBXFileReference; fileEncoding = 4; lastKnownFileType = sourcecode.c.h; path = AFHTTPRequestOperationManager.h; sourceTree = "<group>"; };
		1ACBB9D519144635001A65EB /* AFHTTPRequestOperationManager.m */ = {isa = PBXFileReference; fileEncoding = 4; lastKnownFileType = sourcecode.c.objc; path = AFHTTPRequestOperationManager.m; sourceTree = "<group>"; };
		1ACBB9D619144635001A65EB /* AFHTTPSessionManager.h */ = {isa = PBXFileReference; fileEncoding = 4; lastKnownFileType = sourcecode.c.h; path = AFHTTPSessionManager.h; sourceTree = "<group>"; };
		1ACBB9D719144635001A65EB /* AFHTTPSessionManager.m */ = {isa = PBXFileReference; fileEncoding = 4; lastKnownFileType = sourcecode.c.objc; path = AFHTTPSessionManager.m; sourceTree = "<group>"; };
		1ACBB9D819144635001A65EB /* AFNetworking.h */ = {isa = PBXFileReference; fileEncoding = 4; lastKnownFileType = sourcecode.c.h; path = AFNetworking.h; sourceTree = "<group>"; };
		1ACBB9D919144635001A65EB /* AFNetworkReachabilityManager.h */ = {isa = PBXFileReference; fileEncoding = 4; lastKnownFileType = sourcecode.c.h; path = AFNetworkReachabilityManager.h; sourceTree = "<group>"; };
		1ACBB9DA19144635001A65EB /* AFNetworkReachabilityManager.m */ = {isa = PBXFileReference; fileEncoding = 4; lastKnownFileType = sourcecode.c.objc; path = AFNetworkReachabilityManager.m; sourceTree = "<group>"; };
		1ACBB9DB19144635001A65EB /* AFSecurityPolicy.h */ = {isa = PBXFileReference; fileEncoding = 4; lastKnownFileType = sourcecode.c.h; path = AFSecurityPolicy.h; sourceTree = "<group>"; };
		1ACBB9DC19144635001A65EB /* AFSecurityPolicy.m */ = {isa = PBXFileReference; fileEncoding = 4; lastKnownFileType = sourcecode.c.objc; path = AFSecurityPolicy.m; sourceTree = "<group>"; };
		1ACBB9DD19144635001A65EB /* AFURLConnectionOperation.h */ = {isa = PBXFileReference; fileEncoding = 4; lastKnownFileType = sourcecode.c.h; path = AFURLConnectionOperation.h; sourceTree = "<group>"; };
		1ACBB9DE19144635001A65EB /* AFURLConnectionOperation.m */ = {isa = PBXFileReference; fileEncoding = 4; lastKnownFileType = sourcecode.c.objc; path = AFURLConnectionOperation.m; sourceTree = "<group>"; };
		1ACBB9DF19144635001A65EB /* AFURLRequestSerialization.h */ = {isa = PBXFileReference; fileEncoding = 4; lastKnownFileType = sourcecode.c.h; path = AFURLRequestSerialization.h; sourceTree = "<group>"; };
		1ACBB9E019144635001A65EB /* AFURLRequestSerialization.m */ = {isa = PBXFileReference; fileEncoding = 4; lastKnownFileType = sourcecode.c.objc; path = AFURLRequestSerialization.m; sourceTree = "<group>"; };
		1ACBB9E119144635001A65EB /* AFURLResponseSerialization.h */ = {isa = PBXFileReference; fileEncoding = 4; lastKnownFileType = sourcecode.c.h; path = AFURLResponseSerialization.h; sourceTree = "<group>"; };
		1ACBB9E219144635001A65EB /* AFURLResponseSerialization.m */ = {isa = PBXFileReference; fileEncoding = 4; lastKnownFileType = sourcecode.c.objc; path = AFURLResponseSerialization.m; sourceTree = "<group>"; };
		1ACBB9E319144635001A65EB /* AFURLSessionManager.h */ = {isa = PBXFileReference; fileEncoding = 4; lastKnownFileType = sourcecode.c.h; path = AFURLSessionManager.h; sourceTree = "<group>"; };
		1ACBB9E419144635001A65EB /* AFURLSessionManager.m */ = {isa = PBXFileReference; fileEncoding = 4; lastKnownFileType = sourcecode.c.objc; path = AFURLSessionManager.m; sourceTree = "<group>"; };
		1ACBB9E519144635001A65EB /* LICENSE */ = {isa = PBXFileReference; fileEncoding = 4; lastKnownFileType = text; path = LICENSE; sourceTree = "<group>"; };
		1ACBB9E819144635001A65EB /* AFNetworkActivityIndicatorManager.h */ = {isa = PBXFileReference; fileEncoding = 4; lastKnownFileType = sourcecode.c.h; path = AFNetworkActivityIndicatorManager.h; sourceTree = "<group>"; };
		1ACBB9E919144635001A65EB /* AFNetworkActivityIndicatorManager.m */ = {isa = PBXFileReference; fileEncoding = 4; lastKnownFileType = sourcecode.c.objc; path = AFNetworkActivityIndicatorManager.m; sourceTree = "<group>"; };
		1ACBB9EA19144635001A65EB /* UIActivityIndicatorView+AFNetworking.h */ = {isa = PBXFileReference; fileEncoding = 4; lastKnownFileType = sourcecode.c.h; path = "UIActivityIndicatorView+AFNetworking.h"; sourceTree = "<group>"; };
		1ACBB9EB19144635001A65EB /* UIActivityIndicatorView+AFNetworking.m */ = {isa = PBXFileReference; fileEncoding = 4; lastKnownFileType = sourcecode.c.objc; path = "UIActivityIndicatorView+AFNetworking.m"; sourceTree = "<group>"; };
		1ACBB9EC19144635001A65EB /* UIAlertView+AFNetworking.h */ = {isa = PBXFileReference; fileEncoding = 4; lastKnownFileType = sourcecode.c.h; path = "UIAlertView+AFNetworking.h"; sourceTree = "<group>"; };
		1ACBB9ED19144635001A65EB /* UIAlertView+AFNetworking.m */ = {isa = PBXFileReference; fileEncoding = 4; lastKnownFileType = sourcecode.c.objc; path = "UIAlertView+AFNetworking.m"; sourceTree = "<group>"; };
		1ACBB9EE19144635001A65EB /* UIButton+AFNetworking.h */ = {isa = PBXFileReference; fileEncoding = 4; lastKnownFileType = sourcecode.c.h; path = "UIButton+AFNetworking.h"; sourceTree = "<group>"; };
		1ACBB9EF19144635001A65EB /* UIButton+AFNetworking.m */ = {isa = PBXFileReference; fileEncoding = 4; lastKnownFileType = sourcecode.c.objc; path = "UIButton+AFNetworking.m"; sourceTree = "<group>"; };
		1ACBB9F019144635001A65EB /* UIImageView+AFNetworking.h */ = {isa = PBXFileReference; fileEncoding = 4; lastKnownFileType = sourcecode.c.h; path = "UIImageView+AFNetworking.h"; sourceTree = "<group>"; };
		1ACBB9F119144635001A65EB /* UIImageView+AFNetworking.m */ = {isa = PBXFileReference; fileEncoding = 4; lastKnownFileType = sourcecode.c.objc; path = "UIImageView+AFNetworking.m"; sourceTree = "<group>"; };
		1ACBB9F219144635001A65EB /* UIKit+AFNetworking.h */ = {isa = PBXFileReference; fileEncoding = 4; lastKnownFileType = sourcecode.c.h; path = "UIKit+AFNetworking.h"; sourceTree = "<group>"; };
		1ACBB9F319144635001A65EB /* UIProgressView+AFNetworking.h */ = {isa = PBXFileReference; fileEncoding = 4; lastKnownFileType = sourcecode.c.h; path = "UIProgressView+AFNetworking.h"; sourceTree = "<group>"; };
		1ACBB9F419144635001A65EB /* UIProgressView+AFNetworking.m */ = {isa = PBXFileReference; fileEncoding = 4; lastKnownFileType = sourcecode.c.objc; path = "UIProgressView+AFNetworking.m"; sourceTree = "<group>"; };
		1ACBB9F519144635001A65EB /* UIRefreshControl+AFNetworking.h */ = {isa = PBXFileReference; fileEncoding = 4; lastKnownFileType = sourcecode.c.h; path = "UIRefreshControl+AFNetworking.h"; sourceTree = "<group>"; };
		1ACBB9F619144635001A65EB /* UIRefreshControl+AFNetworking.m */ = {isa = PBXFileReference; fileEncoding = 4; lastKnownFileType = sourcecode.c.objc; path = "UIRefreshControl+AFNetworking.m"; sourceTree = "<group>"; };
		1ACBB9F719144635001A65EB /* UIWebView+AFNetworking.h */ = {isa = PBXFileReference; fileEncoding = 4; lastKnownFileType = sourcecode.c.h; path = "UIWebView+AFNetworking.h"; sourceTree = "<group>"; };
		1ACBB9F819144635001A65EB /* UIWebView+AFNetworking.m */ = {isa = PBXFileReference; fileEncoding = 4; lastKnownFileType = sourcecode.c.objc; path = "UIWebView+AFNetworking.m"; sourceTree = "<group>"; };
		1ACBBA0C191446BB001A65EB /* Futugram.storyboard */ = {isa = PBXFileReference; fileEncoding = 4; lastKnownFileType = file.storyboard; path = Futugram.storyboard; sourceTree = "<group>"; };
		1ACBBA0E191446E7001A65EB /* FutuImage.h */ = {isa = PBXFileReference; fileEncoding = 4; lastKnownFileType = sourcecode.c.h; path = FutuImage.h; sourceTree = "<group>"; };
		1ACBBA0F191446E7001A65EB /* FutuImage.m */ = {isa = PBXFileReference; fileEncoding = 4; lastKnownFileType = sourcecode.c.objc; path = FutuImage.m; sourceTree = "<group>"; };
		1ACBBA121914470C001A65EB /* CameraViewController.h */ = {isa = PBXFileReference; fileEncoding = 4; lastKnownFileType = sourcecode.c.h; path = CameraViewController.h; sourceTree = "<group>"; };
		1ACBBA131914470C001A65EB /* CameraViewController.m */ = {isa = PBXFileReference; fileEncoding = 4; lastKnownFileType = sourcecode.c.objc; path = CameraViewController.m; sourceTree = "<group>"; };
		1ACBBA141914470C001A65EB /* DetailedPhotoViewController.h */ = {isa = PBXFileReference; fileEncoding = 4; lastKnownFileType = sourcecode.c.h; path = DetailedPhotoViewController.h; sourceTree = "<group>"; };
		1ACBBA151914470C001A65EB /* DetailedPhotoViewController.m */ = {isa = PBXFileReference; fileEncoding = 4; lastKnownFileType = sourcecode.c.objc; path = DetailedPhotoViewController.m; sourceTree = "<group>"; };
		1ACBBA161914470C001A65EB /* PrepareForUploadViewController.h */ = {isa = PBXFileReference; fileEncoding = 4; lastKnownFileType = sourcecode.c.h; path = PrepareForUploadViewController.h; sourceTree = "<group>"; };
		1ACBBA171914470C001A65EB /* PrepareForUploadViewController.m */ = {isa = PBXFileReference; fileEncoding = 4; lastKnownFileType = sourcecode.c.objc; path = PrepareForUploadViewController.m; sourceTree = "<group>"; };
		1ACBBA1B191447A4001A65EB /* images.plist */ = {isa = PBXFileReference; fileEncoding = 4; lastKnownFileType = text.plist.xml; path = images.plist; sourceTree = "<group>"; };
		1AD4EFEC18E358BA00F03471 /* AVFoundation.framework */ = {isa = PBXFileReference; lastKnownFileType = wrapper.framework; name = AVFoundation.framework; path = System/Library/Frameworks/AVFoundation.framework; sourceTree = SDKROOT; };
		1AFB427418DD9E2600747DAA /* Images.xcassets */ = {isa = PBXFileReference; lastKnownFileType = folder.assetcatalog; path = Images.xcassets; sourceTree = "<group>"; };
		27D71D5E16A349AD00021245 /* Karnevalisten.app */ = {isa = PBXFileReference; explicitFileType = wrapper.application; includeInIndex = 0; path = Karnevalisten.app; sourceTree = BUILT_PRODUCTS_DIR; };
		27D71D6216A349AD00021245 /* UIKit.framework */ = {isa = PBXFileReference; lastKnownFileType = wrapper.framework; name = UIKit.framework; path = System/Library/Frameworks/UIKit.framework; sourceTree = SDKROOT; };
		27D71D6416A349AD00021245 /* Foundation.framework */ = {isa = PBXFileReference; lastKnownFileType = wrapper.framework; name = Foundation.framework; path = System/Library/Frameworks/Foundation.framework; sourceTree = SDKROOT; };
		27D71D6616A349AD00021245 /* CoreGraphics.framework */ = {isa = PBXFileReference; lastKnownFileType = wrapper.framework; name = CoreGraphics.framework; path = System/Library/Frameworks/CoreGraphics.framework; sourceTree = SDKROOT; };
		57186D8C18DF17B200E78450 /* ReadMessageViewController.h */ = {isa = PBXFileReference; fileEncoding = 4; lastKnownFileType = sourcecode.c.h; name = ReadMessageViewController.h; path = ViewControllers/ReadMessageViewController.h; sourceTree = "<group>"; };
		57186D8D18DF17B200E78450 /* ReadMessageViewController.m */ = {isa = PBXFileReference; fileEncoding = 4; lastKnownFileType = sourcecode.c.objc; name = ReadMessageViewController.m; path = ViewControllers/ReadMessageViewController.m; sourceTree = "<group>"; };
		57839CF5190823DE00B9F189 /* IDViewController.h */ = {isa = PBXFileReference; fileEncoding = 4; lastKnownFileType = sourcecode.c.h; name = IDViewController.h; path = ViewControllers/IDViewController.h; sourceTree = "<group>"; };
		57839CF6190823DE00B9F189 /* IDViewController.m */ = {isa = PBXFileReference; fileEncoding = 4; lastKnownFileType = sourcecode.c.objc; name = IDViewController.m; path = ViewControllers/IDViewController.m; sourceTree = "<group>"; };
		57839CF8190830F400B9F189 /* ID.storyboard */ = {isa = PBXFileReference; fileEncoding = 4; lastKnownFileType = file.storyboard; name = ID.storyboard; path = Storyboards/ID.storyboard; sourceTree = "<group>"; };
		FDC7EA0D18E868030067403E /* Sångbok.storyboard */ = {isa = PBXFileReference; fileEncoding = 4; lastKnownFileType = file.storyboard; path = "Sångbok.storyboard"; sourceTree = "<group>"; };
		FDC7EA1218E881A80067403E /* SongbookTableViewController.h */ = {isa = PBXFileReference; fileEncoding = 4; lastKnownFileType = sourcecode.c.h; name = SongbookTableViewController.h; path = ViewControllers/SongbookTableViewController.h; sourceTree = "<group>"; };
		FDC7EA1318E881A80067403E /* SongbookTableViewController.m */ = {isa = PBXFileReference; fileEncoding = 4; lastKnownFileType = sourcecode.c.objc; name = SongbookTableViewController.m; path = ViewControllers/SongbookTableViewController.m; sourceTree = "<group>"; };
		FDC7EA1518E886EC0067403E /* Song.h */ = {isa = PBXFileReference; fileEncoding = 4; lastKnownFileType = sourcecode.c.h; name = Song.h; path = Models/Song.h; sourceTree = "<group>"; };
		FDC7EA1618E886EC0067403E /* Song.m */ = {isa = PBXFileReference; fileEncoding = 4; lastKnownFileType = sourcecode.c.objc; name = Song.m; path = Models/Song.m; sourceTree = "<group>"; };
/* End PBXFileReference section */

/* Begin PBXFrameworksBuildPhase section */
		27D71D5B16A349AD00021245 /* Frameworks */ = {
			isa = PBXFrameworksBuildPhase;
			buildActionMask = 2147483647;
			files = (
				1AEEE54118E8660D005AF0C5 /* MapKit.framework in Frameworks */,
				1AD4EFED18E358BA00F03471 /* AVFoundation.framework in Frameworks */,
				1AA15B6018CB9A05007A74C8 /* Security.framework in Frameworks */,
				1AA15B5E18CB99CE007A74C8 /* CoreLocation.framework in Frameworks */,
				1AA15B5A18CB9951007A74C8 /* SystemConfiguration.framework in Frameworks */,
				1AA15B5818CB994C007A74C8 /* MobileCoreServices.framework in Frameworks */,
				27D71D6316A349AD00021245 /* UIKit.framework in Frameworks */,
				27D71D6516A349AD00021245 /* Foundation.framework in Frameworks */,
				27D71D6716A349AD00021245 /* CoreGraphics.framework in Frameworks */,
			);
			runOnlyForDeploymentPostprocessing = 0;
		};
/* End PBXFrameworksBuildPhase section */

/* Begin PBXGroup section */
		1A16269718D1ACE100434BFF /* Models */ = {
			isa = PBXGroup;
			children = (
				1ACBBA0E191446E7001A65EB /* FutuImage.h */,
				1ACBBA0F191446E7001A65EB /* FutuImage.m */,
				1A8437821908147F006B56E9 /* Cluster.h */,
				1A8437831908147F006B56E9 /* Cluster.m */,
				1A84378D19081508006B56E9 /* MapPin.h */,
				1A84378E19081508006B56E9 /* MapPin.m */,
				1A15437618EE13F7001B411C /* FuturalAPI.h */,
				1A15437718EE13F7001B411C /* FuturalAPI.m */,
				1A15437818EE13F7001B411C /* Identification.h */,
				1A15437918EE13F7001B411C /* Identification.m */,
				1A15437A18EE13F7001B411C /* Karnevalist.h */,
				1A15437B18EE13F7001B411C /* Karnevalist.m */,
				1A15437C18EE13F7001B411C /* Lundakarneval.h */,
				1A15437D18EE13F7001B411C /* Lundakarneval.m */,
				1A15437E18EE13F7001B411C /* LyricString.h */,
				1A15437F18EE13F7001B411C /* LyricString.m */,
				1A15437018EE13EB001B411C /* Message.h */,
				1A15437118EE13EB001B411C /* Message.m */,
				1A15437218EE13EB001B411C /* Sektioner.h */,
				1A15437318EE13EB001B411C /* Sektioner.m */,
				1A15436D18EE13D5001B411C /* Colors.h */,
				1A15436E18EE13D5001B411C /* Colors.m */,
				1A9D6AF918E2105A003D0A78 /* UILabel+CustomFont.h */,
				1A9D6AFA18E2105A003D0A78 /* UILabel+CustomFont.m */,
				1A9D6B0118E21C41003D0A78 /* UIButton+CustomFont.h */,
				1A9D6B0218E21C41003D0A78 /* UIButton+CustomFont.m */,
				1A9D6B0718E22768003D0A78 /* UITextField+CustomFont.h */,
				1A9D6B0818E22768003D0A78 /* UITextField+CustomFont.m */,
				FDC7EA1518E886EC0067403E /* Song.h */,
				FDC7EA1618E886EC0067403E /* Song.m */,
				1A8437AB190858CB006B56E9 /* ShakingView.h */,
				1A8437AC190858CB006B56E9 /* ShakingView.m */,
			);
			name = Models;
			sourceTree = "<group>";
		};
		1A9D6AF618E20FA7003D0A78 /* Fonts */ = {
			isa = PBXGroup;
			children = (
				1A8437A019081E07006B56E9 /* FuturaLT-Bold.ttf */,
				1A1543BA18EE16DE001B411C /* Robot!Head.ttf */,
			);
			name = Fonts;
			sourceTree = "<group>";
		};
		1A9D6AFC18E210C0003D0A78 /* Storyboards */ = {
			isa = PBXGroup;
			children = (
				1ACBBA0C191446BB001A65EB /* Futugram.storyboard */,
				1A9D6AF218E20EA9003D0A78 /* Logga in.storyboard */,
				1A9D6B0C18E22866003D0A78 /* Start.storyboard */,
				1A9D6B1118E23ED8003D0A78 /* Inkorg.storyboard */,
				1A9D6B1518E244BD003D0A78 /* Karta.storyboard */,
				1A9D6B1718E2550A003D0A78 /* Main.storyboard */,
				FDC7EA0D18E868030067403E /* Sångbok.storyboard */,
				1A8437A419082532006B56E9 /* sectionHeader.xib */,
				57839CF8190830F400B9F189 /* ID.storyboard */,
			);
			name = Storyboards;
			sourceTree = "<group>";
		};
		1AAB5AB518A0652100BFF205 /* MenuControllers */ = {
			isa = PBXGroup;
			children = (
				1A1543C118EE1836001B411C /* InitViewController.h */,
				1A1543C218EE1836001B411C /* InitViewController.m */,
				1A1543C318EE1836001B411C /* MenuViewController.h */,
				1A1543C418EE1836001B411C /* MenuViewController.m */,
			);
			name = MenuControllers;
			path = SlideMenu;
			sourceTree = "<group>";
		};
		1ACBB9D019144634001A65EB /* AFNetworking */ = {
			isa = PBXGroup;
			children = (
				1ACBB9D119144635001A65EB /* AFNetworking */,
				1ACBB9E519144635001A65EB /* LICENSE */,
				1ACBB9E719144635001A65EB /* UIKit+AFNetworking */,
			);
			path = AFNetworking;
			sourceTree = "<group>";
		};
		1ACBB9D119144635001A65EB /* AFNetworking */ = {
			isa = PBXGroup;
			children = (
				1ACBB9D219144635001A65EB /* AFHTTPRequestOperation.h */,
				1ACBB9D319144635001A65EB /* AFHTTPRequestOperation.m */,
				1ACBB9D419144635001A65EB /* AFHTTPRequestOperationManager.h */,
				1ACBB9D519144635001A65EB /* AFHTTPRequestOperationManager.m */,
				1ACBB9D619144635001A65EB /* AFHTTPSessionManager.h */,
				1ACBB9D719144635001A65EB /* AFHTTPSessionManager.m */,
				1ACBB9D819144635001A65EB /* AFNetworking.h */,
				1ACBB9D919144635001A65EB /* AFNetworkReachabilityManager.h */,
				1ACBB9DA19144635001A65EB /* AFNetworkReachabilityManager.m */,
				1ACBB9DB19144635001A65EB /* AFSecurityPolicy.h */,
				1ACBB9DC19144635001A65EB /* AFSecurityPolicy.m */,
				1ACBB9DD19144635001A65EB /* AFURLConnectionOperation.h */,
				1ACBB9DE19144635001A65EB /* AFURLConnectionOperation.m */,
				1ACBB9DF19144635001A65EB /* AFURLRequestSerialization.h */,
				1ACBB9E019144635001A65EB /* AFURLRequestSerialization.m */,
				1ACBB9E119144635001A65EB /* AFURLResponseSerialization.h */,
				1ACBB9E219144635001A65EB /* AFURLResponseSerialization.m */,
				1ACBB9E319144635001A65EB /* AFURLSessionManager.h */,
				1ACBB9E419144635001A65EB /* AFURLSessionManager.m */,
			);
			path = AFNetworking;
			sourceTree = "<group>";
		};
		1ACBB9E719144635001A65EB /* UIKit+AFNetworking */ = {
			isa = PBXGroup;
			children = (
				1ACBB9E819144635001A65EB /* AFNetworkActivityIndicatorManager.h */,
				1ACBB9E919144635001A65EB /* AFNetworkActivityIndicatorManager.m */,
				1ACBB9EA19144635001A65EB /* UIActivityIndicatorView+AFNetworking.h */,
				1ACBB9EB19144635001A65EB /* UIActivityIndicatorView+AFNetworking.m */,
				1ACBB9EC19144635001A65EB /* UIAlertView+AFNetworking.h */,
				1ACBB9ED19144635001A65EB /* UIAlertView+AFNetworking.m */,
				1ACBB9EE19144635001A65EB /* UIButton+AFNetworking.h */,
				1ACBB9EF19144635001A65EB /* UIButton+AFNetworking.m */,
				1ACBB9F019144635001A65EB /* UIImageView+AFNetworking.h */,
				1ACBB9F119144635001A65EB /* UIImageView+AFNetworking.m */,
				1ACBB9F219144635001A65EB /* UIKit+AFNetworking.h */,
				1ACBB9F319144635001A65EB /* UIProgressView+AFNetworking.h */,
				1ACBB9F419144635001A65EB /* UIProgressView+AFNetworking.m */,
				1ACBB9F519144635001A65EB /* UIRefreshControl+AFNetworking.h */,
				1ACBB9F619144635001A65EB /* UIRefreshControl+AFNetworking.m */,
				1ACBB9F719144635001A65EB /* UIWebView+AFNetworking.h */,
				1ACBB9F819144635001A65EB /* UIWebView+AFNetworking.m */,
			);
			path = "UIKit+AFNetworking";
			sourceTree = "<group>";
		};
		1ACBBA11191446F5001A65EB /* Camera */ = {
			isa = PBXGroup;
			children = (
				1ACBBA1B191447A4001A65EB /* images.plist */,
				1ACBBA121914470C001A65EB /* CameraViewController.h */,
				1ACBBA131914470C001A65EB /* CameraViewController.m */,
				1ACBBA141914470C001A65EB /* DetailedPhotoViewController.h */,
				1ACBBA151914470C001A65EB /* DetailedPhotoViewController.m */,
				1ACBBA161914470C001A65EB /* PrepareForUploadViewController.h */,
				1ACBBA171914470C001A65EB /* PrepareForUploadViewController.m */,
			);
			name = Camera;
			sourceTree = "<group>";
		};
		1ACF836018D8D86D00A5052F /* ViewControllers */ = {
			isa = PBXGroup;
			children = (
				1ACBBA11191446F5001A65EB /* Camera */,
				1A1543A418EE14F8001B411C /* ViewControllerMeddelanden.h */,
				1A1543A518EE14F8001B411C /* ViewControllerMeddelanden.m */,
				1A1543A618EE14F8001B411C /* ViewControllerSignIn.h */,
				1A1543A718EE14F8001B411C /* ViewControllerSignIn.m */,
				1A15439B18EE14C6001B411C /* MainViewController.h */,
				1A15439C18EE14C6001B411C /* MainViewController.m */,
				1A15439D18EE14C6001B411C /* MapViewController.h */,
				1A15439E18EE14C6001B411C /* MapViewController.m */,
				1A15439F18EE14C6001B411C /* navigationController.h */,
				1A1543A018EE14C6001B411C /* navigationController.m */,
				27D71D8516A349D500021245 /* ECSlidingViewController */,
				1AAB5AB518A0652100BFF205 /* MenuControllers */,
				57186D8C18DF17B200E78450 /* ReadMessageViewController.h */,
				57186D8D18DF17B200E78450 /* ReadMessageViewController.m */,
				FDC7EA1218E881A80067403E /* SongbookTableViewController.h */,
				FDC7EA1318E881A80067403E /* SongbookTableViewController.m */,
				1A8437A619083770006B56E9 /* DetailedSongViewController.h */,
				1A8437A719083770006B56E9 /* DetailedSongViewController.m */,
				1A8437AE19085930006B56E9 /* MysticViewController.h */,
				1A8437AF19085930006B56E9 /* MysticViewController.m */,
				57839CF5190823DE00B9F189 /* IDViewController.h */,
				57839CF6190823DE00B9F189 /* IDViewController.m */,
			);
			name = ViewControllers;
			sourceTree = "<group>";
		};
		27D71D5316A349AD00021245 = {
			isa = PBXGroup;
			children = (
				1ACBB9D019144634001A65EB /* AFNetworking */,
				1A9D6AFC18E210C0003D0A78 /* Storyboards */,
				1AFB427418DD9E2600747DAA /* Images.xcassets */,
				1A16269718D1ACE100434BFF /* Models */,
				27D71D6916A349AD00021245 /* Supporting Files */,
				1ACF836018D8D86D00A5052F /* ViewControllers */,
			);
			sourceTree = "<group>";
		};
		27D71D5F16A349AD00021245 /* Products */ = {
			isa = PBXGroup;
			children = (
				27D71D5E16A349AD00021245 /* Karnevalisten.app */,
			);
			name = Products;
			path = ..;
			sourceTree = "<group>";
		};
		27D71D6116A349AD00021245 /* Frameworks */ = {
			isa = PBXGroup;
			children = (
				1AD4EFEC18E358BA00F03471 /* AVFoundation.framework */,
				1AA15B5F18CB9A05007A74C8 /* Security.framework */,
				1AA15B5D18CB99CE007A74C8 /* CoreLocation.framework */,
				1AA15B5B18CB995F007A74C8 /* MapKit.framework */,
				1AA15B5918CB9951007A74C8 /* SystemConfiguration.framework */,
				1AA15B5718CB994C007A74C8 /* MobileCoreServices.framework */,
				27D71D6216A349AD00021245 /* UIKit.framework */,
				27D71D6416A349AD00021245 /* Foundation.framework */,
				27D71D6616A349AD00021245 /* CoreGraphics.framework */,
			);
			name = Frameworks;
			path = ..;
			sourceTree = "<group>";
		};
		27D71D6916A349AD00021245 /* Supporting Files */ = {
			isa = PBXGroup;
			children = (
				1A84379719081CB2006B56E9 /* songs.plist */,
				1A9CFF8818F346F80002BD34 /* sektioner.plist */,
				1A1543CD18EE185C001B411C /* Karnevalisten-Prefix.pch */,
				1A1543BD18EE16F5001B411C /* AppDelegate.h */,
				1A1543BE18EE16F5001B411C /* AppDelegate.m */,
				1A1543B418EE16C8001B411C /* Karnevalisten-Info.plist */,
				1A1543B618EE16C8001B411C /* main.m */,
				1A15438718EE1413001B411C /* karnevalsmelodin.mp3 */,
				1A9D6AF618E20FA7003D0A78 /* Fonts */,
				27D71D6116A349AD00021245 /* Frameworks */,
				27D71D5F16A349AD00021245 /* Products */,
				1A8437A919085583006B56E9 /* strings.plist */,
			);
			name = "Supporting Files";
			path = SlideMenu;
			sourceTree = "<group>";
		};
		27D71D8516A349D500021245 /* ECSlidingViewController */ = {
			isa = PBXGroup;
			children = (
				1A1543C718EE184B001B411C /* ECSlidingViewController.h */,
				1A1543C818EE184B001B411C /* ECSlidingViewController.m */,
				1A1543C918EE184B001B411C /* UIImage+ImageWithUIView.h */,
				1A1543CA18EE184B001B411C /* UIImage+ImageWithUIView.m */,
			);
			name = ECSlidingViewController;
			path = SlideMenu/ECSlidingViewController;
			sourceTree = "<group>";
		};
/* End PBXGroup section */

/* Begin PBXNativeTarget section */
		27D71D5D16A349AD00021245 /* Karnevalisten */ = {
			isa = PBXNativeTarget;
			buildConfigurationList = 27D71D8216A349AD00021245 /* Build configuration list for PBXNativeTarget "Karnevalisten" */;
			buildPhases = (
				27D71D5A16A349AD00021245 /* Sources */,
				27D71D5B16A349AD00021245 /* Frameworks */,
				27D71D5C16A349AD00021245 /* Resources */,
			);
			buildRules = (
			);
			dependencies = (
			);
			name = Karnevalisten;
			productName = SlideMenu;
			productReference = 27D71D5E16A349AD00021245 /* Karnevalisten.app */;
			productType = "com.apple.product-type.application";
		};
/* End PBXNativeTarget section */

/* Begin PBXProject section */
		27D71D5516A349AD00021245 /* Project object */ = {
			isa = PBXProject;
			attributes = {
				CLASSPREFIX = "";
				LastUpgradeCheck = 0450;
				ORGANIZATIONNAME = Lundakarnevalen;
				TargetAttributes = {
					27D71D5D16A349AD00021245 = {
						DevelopmentTeam = YSKSAFCAGC;
						SystemCapabilities = {
							com.apple.BackgroundModes = {
								enabled = 1;
							};
							com.apple.iOS = {
								enabled = 0;
							};
						};
					};
				};
			};
			buildConfigurationList = 27D71D5816A349AD00021245 /* Build configuration list for PBXProject "Karnevalisten" */;
			compatibilityVersion = "Xcode 3.2";
			developmentRegion = English;
			hasScannedForEncodings = 0;
			knownRegions = (
				en,
				Base,
				sv,
			);
			mainGroup = 27D71D5316A349AD00021245;
			productRefGroup = 27D71D5F16A349AD00021245 /* Products */;
			projectDirPath = "";
			projectRoot = "";
			targets = (
				27D71D5D16A349AD00021245 /* Karnevalisten */,
			);
		};
/* End PBXProject section */

/* Begin PBXResourcesBuildPhase section */
		27D71D5C16A349AD00021245 /* Resources */ = {
			isa = PBXResourcesBuildPhase;
			buildActionMask = 2147483647;
			files = (
				1A4A83C71909915600D7C466 /* Robot!Head.ttf in Resources */,
				1A8437B1190866E3006B56E9 /* Main.storyboard in Resources */,
				1ACBBA0D191446BB001A65EB /* Futugram.storyboard in Resources */,
				FDC7EA0E18E868030067403E /* Sångbok.storyboard in Resources */,
				57839CF9190830F400B9F189 /* ID.storyboard in Resources */,
				1A9D6B1618E244BD003D0A78 /* Karta.storyboard in Resources */,
				1A9CFF8918F346F80002BD34 /* sektioner.plist in Resources */,
				1A9D6B0D18E22866003D0A78 /* Start.storyboard in Resources */,
				1A8437A119081E07006B56E9 /* FuturaLT-Bold.ttf in Resources */,
				1A8437AA19085583006B56E9 /* strings.plist in Resources */,
				1A8437A519082532006B56E9 /* sectionHeader.xib in Resources */,
				1ACBBA0219144635001A65EB /* LICENSE in Resources */,
				1AFB427518DD9E2600747DAA /* Images.xcassets in Resources */,
				1A9D6B1218E23ED8003D0A78 /* Inkorg.storyboard in Resources */,
				1A9D6AF318E20EA9003D0A78 /* Logga in.storyboard in Resources */,
				1A15438818EE1413001B411C /* karnevalsmelodin.mp3 in Resources */,
				1ACBBA1C191447A4001A65EB /* images.plist in Resources */,
				1A84379819081CB2006B56E9 /* songs.plist in Resources */,
			);
			runOnlyForDeploymentPostprocessing = 0;
		};
/* End PBXResourcesBuildPhase section */

/* Begin PBXSourcesBuildPhase section */
		27D71D5A16A349AD00021245 /* Sources */ = {
			isa = PBXSourcesBuildPhase;
			buildActionMask = 2147483647;
			files = (
				1ACBBA0419144635001A65EB /* AFNetworkActivityIndicatorManager.m in Sources */,
				5747AD6C19091FC700AD1B41 /* Sektioner.m in Sources */,
				5747AD6B19091FAD00AD1B41 /* Karnevalist.m in Sources */,
				5747AD6A19091F7A00AD1B41 /* MapViewController.m in Sources */,
				1A843787190814F1006B56E9 /* ViewControllerMeddelanden.m in Sources */,
				1A843788190814F1006B56E9 /* MainViewController.m in Sources */,
				1ACBBA0519144635001A65EB /* UIActivityIndicatorView+AFNetworking.m in Sources */,
				1ACBBA10191446E7001A65EB /* FutuImage.m in Sources */,
				1ACBB9FA19144635001A65EB /* AFHTTPRequestOperationManager.m in Sources */,
				1A84378A190814F1006B56E9 /* navigationController.m in Sources */,
				1A84378B190814F1006B56E9 /* UIImage+ImageWithUIView.m in Sources */,
				1A84378C190814F1006B56E9 /* MenuViewController.m in Sources */,
				1A843786190814E5006B56E9 /* Colors.m in Sources */,
				1A843785190814E2006B56E9 /* LyricString.m in Sources */,
				1ACBBA191914470C001A65EB /* DetailedPhotoViewController.m in Sources */,
				1A84378F19081508006B56E9 /* MapPin.m in Sources */,
				1ACBBA181914470C001A65EB /* CameraViewController.m in Sources */,
				FDC7EA1418E881A80067403E /* SongbookTableViewController.m in Sources */,
				1A8437B019085930006B56E9 /* MysticViewController.m in Sources */,
				1ACBBA0819144635001A65EB /* UIImageView+AFNetworking.m in Sources */,
				57186D8E18DF17B200E78450 /* ReadMessageViewController.m in Sources */,
				1ACBB9FB19144635001A65EB /* AFHTTPSessionManager.m in Sources */,
				1A1543C518EE1836001B411C /* InitViewController.m in Sources */,
				1ACBBA0B19144635001A65EB /* UIWebView+AFNetworking.m in Sources */,
				1ACBBA0A19144635001A65EB /* UIRefreshControl+AFNetworking.m in Sources */,
				1ACBB9FC19144635001A65EB /* AFNetworkReachabilityManager.m in Sources */,
				57839CF7190823DE00B9F189 /* IDViewController.m in Sources */,
				1ACBB9FE19144635001A65EB /* AFURLConnectionOperation.m in Sources */,
				1A1543CB18EE184B001B411C /* ECSlidingViewController.m in Sources */,
				1A15437418EE13EB001B411C /* Message.m in Sources */,
				1A9D6B0918E22768003D0A78 /* UITextField+CustomFont.m in Sources */,
				1ACBBA0919144635001A65EB /* UIProgressView+AFNetworking.m in Sources */,
				1A1543A918EE14F8001B411C /* ViewControllerSignIn.m in Sources */,
				1ACBB9F919144635001A65EB /* AFHTTPRequestOperation.m in Sources */,
				1ACBBA0119144635001A65EB /* AFURLSessionManager.m in Sources */,
				1A9D6AFB18E2105A003D0A78 /* UILabel+CustomFont.m in Sources */,
				1A8437811908146E006B56E9 /* AppDelegate.m in Sources */,
				1A15438018EE13F7001B411C /* FuturalAPI.m in Sources */,
				1A84377E19081429006B56E9 /* Identification.m in Sources */,
				1ACBB9FD19144635001A65EB /* AFSecurityPolicy.m in Sources */,
				1A8437A819083770006B56E9 /* DetailedSongViewController.m in Sources */,
				1ACBBA0019144635001A65EB /* AFURLResponseSerialization.m in Sources */,
				1ACBBA0619144635001A65EB /* UIAlertView+AFNetworking.m in Sources */,
				1ACBB9FF19144635001A65EB /* AFURLRequestSerialization.m in Sources */,
				1A84378019081457006B56E9 /* main.m in Sources */,
				1ACBBA0719144635001A65EB /* UIButton+AFNetworking.m in Sources */,
				1ACBBA1A1914470C001A65EB /* PrepareForUploadViewController.m in Sources */,
				FDC7EA1718E886EC0067403E /* Song.m in Sources */,
				1A84377F19081440006B56E9 /* Lundakarneval.m in Sources */,
				1A8437AD190858CB006B56E9 /* ShakingView.m in Sources */,
				1A8437841908147F006B56E9 /* Cluster.m in Sources */,
				1A9D6B0318E21C41003D0A78 /* UIButton+CustomFont.m in Sources */,
			);
			runOnlyForDeploymentPostprocessing = 0;
		};
/* End PBXSourcesBuildPhase section */

/* Begin XCBuildConfiguration section */
		27D71D8016A349AD00021245 /* Debug */ = {
			isa = XCBuildConfiguration;
			buildSettings = {
				ALWAYS_SEARCH_USER_PATHS = NO;
				CLANG_CXX_LANGUAGE_STANDARD = "gnu++0x";
				CLANG_CXX_LIBRARY = "libc++";
				CLANG_ENABLE_OBJC_ARC = YES;
				CLANG_WARN_EMPTY_BODY = YES;
				CLANG_WARN__DUPLICATE_METHOD_MATCH = YES;
				CODE_SIGN_IDENTITY = "iPhone Distribution: Lundakarnevalen (YSKSAFCAGC)";
				"CODE_SIGN_IDENTITY[sdk=iphoneos*]" = "iPhone Distribution: Lundakarnevalen (YSKSAFCAGC)";
				COPY_PHASE_STRIP = NO;
				GCC_C_LANGUAGE_STANDARD = gnu99;
				GCC_DYNAMIC_NO_PIC = NO;
				GCC_OPTIMIZATION_LEVEL = 0;
				GCC_PREPROCESSOR_DEFINITIONS = (
					"DEBUG=1",
					"$(inherited)",
				);
				GCC_SYMBOLS_PRIVATE_EXTERN = NO;
				GCC_WARN_ABOUT_RETURN_TYPE = YES;
				GCC_WARN_UNINITIALIZED_AUTOS = YES;
				GCC_WARN_UNUSED_VARIABLE = YES;
				IPHONEOS_DEPLOYMENT_TARGET = 6.0;
				ONLY_ACTIVE_ARCH = YES;
				PROVISIONING_PROFILE = "19F6345D-D899-4774-AF74-FED57542912D";
				SDKROOT = iphoneos;
			};
			name = Debug;
		};
		27D71D8116A349AD00021245 /* Release */ = {
			isa = XCBuildConfiguration;
			buildSettings = {
				ALWAYS_SEARCH_USER_PATHS = NO;
				CLANG_CXX_LANGUAGE_STANDARD = "gnu++0x";
				CLANG_CXX_LIBRARY = "libc++";
				CLANG_ENABLE_OBJC_ARC = YES;
				CLANG_WARN_EMPTY_BODY = YES;
				CLANG_WARN__DUPLICATE_METHOD_MATCH = YES;
				CODE_SIGN_IDENTITY = "iPhone Distribution: Lundakarnevalen (YSKSAFCAGC)";
				"CODE_SIGN_IDENTITY[sdk=iphoneos*]" = "iPhone Distribution: Lundakarnevalen (YSKSAFCAGC)";
				COPY_PHASE_STRIP = YES;
				GCC_C_LANGUAGE_STANDARD = gnu99;
				GCC_WARN_ABOUT_RETURN_TYPE = YES;
				GCC_WARN_UNINITIALIZED_AUTOS = YES;
				GCC_WARN_UNUSED_VARIABLE = YES;
				IPHONEOS_DEPLOYMENT_TARGET = 6.0;
				OTHER_CFLAGS = "-DNS_BLOCK_ASSERTIONS=1";
				PROVISIONING_PROFILE = "19F6345D-D899-4774-AF74-FED57542912D";
				SDKROOT = iphoneos;
				VALIDATE_PRODUCT = YES;
			};
			name = Release;
		};
		27D71D8316A349AD00021245 /* Debug */ = {
			isa = XCBuildConfiguration;
			buildSettings = {
				ASSETCATALOG_COMPILER_APPICON_NAME = AppIcon;
				ASSETCATALOG_COMPILER_LAUNCHIMAGE_NAME = LaunchImage;
				CODE_SIGN_IDENTITY = "iPhone Developer";
				"CODE_SIGN_IDENTITY[sdk=iphoneos*]" = "iPhone Developer";
				GCC_PRECOMPILE_PREFIX_HEADER = YES;
				GCC_PREFIX_HEADER = "Supporting Files/Karnevalisten-Prefix.pch";
				INFOPLIST_FILE = "Supporting Files/Karnevalisten-Info.plist";
				IPHONEOS_DEPLOYMENT_TARGET = 6.0;
				PRODUCT_NAME = Karnevalisten;
				PROVISIONING_PROFILE = "";
				WRAPPER_EXTENSION = app;
			};
			name = Debug;
		};
		27D71D8416A349AD00021245 /* Release */ = {
			isa = XCBuildConfiguration;
			buildSettings = {
				ASSETCATALOG_COMPILER_APPICON_NAME = AppIcon;
				ASSETCATALOG_COMPILER_LAUNCHIMAGE_NAME = LaunchImage;
				CODE_SIGN_IDENTITY = "iPhone Developer";
				"CODE_SIGN_IDENTITY[sdk=iphoneos*]" = "iPhone Developer";
				GCC_PRECOMPILE_PREFIX_HEADER = YES;
				GCC_PREFIX_HEADER = "Supporting Files/Karnevalisten-Prefix.pch";
				INFOPLIST_FILE = "Supporting Files/Karnevalisten-Info.plist";
				IPHONEOS_DEPLOYMENT_TARGET = 6.0;
				PRODUCT_NAME = Karnevalisten;
				PROVISIONING_PROFILE = "";
				WRAPPER_EXTENSION = app;
			};
			name = Release;
		};
/* End XCBuildConfiguration section */

/* Begin XCConfigurationList section */
		27D71D5816A349AD00021245 /* Build configuration list for PBXProject "Karnevalisten" */ = {
			isa = XCConfigurationList;
			buildConfigurations = (
				27D71D8016A349AD00021245 /* Debug */,
				27D71D8116A349AD00021245 /* Release */,
			);
			defaultConfigurationIsVisible = 0;
			defaultConfigurationName = Release;
		};
		27D71D8216A349AD00021245 /* Build configuration list for PBXNativeTarget "Karnevalisten" */ = {
			isa = XCConfigurationList;
			buildConfigurations = (
				27D71D8316A349AD00021245 /* Debug */,
				27D71D8416A349AD00021245 /* Release */,
			);
			defaultConfigurationIsVisible = 0;
			defaultConfigurationName = Release;
		};
/* End XCConfigurationList section */
	};
	rootObject = 27D71D5516A349AD00021245 /* Project object */;
}
